{
  "name": "world-quiz",
  "version": "0.1.0",
  "lockfileVersion": 1,
  "requires": true,
  "dependencies": {
    "datamaps": {
      "version": "0.5.8",
      "resolved": "https://registry.npmjs.org/datamaps/-/datamaps-0.5.8.tgz",
      "integrity": "sha1-06uehnWVKb/7mOgrSkO1Jn9J0YM="
    },
    "react": {
      "version": "15.6.1",
      "resolved": "https://registry.npmjs.org/react/-/react-15.6.1.tgz",
      "integrity": "sha1-uqhDTsZ4C96ZfNw4C3nNM7ljk98="
    },
    "react-dom": {
      "version": "15.6.1",
      "resolved": "https://registry.npmjs.org/react-dom/-/react-dom-15.6.1.tgz",
      "integrity": "sha1-LLDtQZEDjlPCCes6eaI+Kkz5lHA="
    },
    "react-scripts": {
      "version": "1.0.11",
      "resolved": "https://registry.npmjs.org/react-scripts/-/react-scripts-1.0.11.tgz",
      "integrity": "sha512-mUgWK/cJk/36RFadYCeVf3MEvwfrp2DcJmMZs2ujayI4Ggia6QC2oHX3hqLgS17pfcr9SZsVc2rlYNReW3DeFA==",
      "dev": true
    }
  }
}
